
Microsoft Visual Studio Solution File, Format Version 12.00
# Visual Studio Version 17
VisualStudioVersion = 17.14.36401.2 d17.14
MinimumVisualStudioVersion = 10.0.40219.1
Project("{FAE04EC0-301F-11D3-BF4B-00C04F79EFBC}") = "InkWire", "InkWire\InkWire.csproj", "{46237006-B6CE-4FA8-B23A-2AE0145843AF}"
EndProject
Global
	GlobalSection(SolutionConfigurationPlatforms) = preSolution
		Debug|Any CPU = Debug|Any CPU
		Release|Any CPU = Release|Any CPU
	EndGlobalSection
	GlobalSection(ProjectConfigurationPlatforms) = postSolution
		{46237006-B6CE-4FA8-B23A-2AE0145843AF}.Debug|Any CPU.ActiveCfg = Debug|Any CPU
		{46237006-B6CE-4FA8-B23A-2AE0145843AF}.Debug|Any CPU.Build.0 = Debug|Any CPU
		{46237006-B6CE-4FA8-B23A-2AE0145843AF}.Release|Any CPU.ActiveCfg = Release|Any CPU
		{46237006-B6CE-4FA8-B23A-2AE0145843AF}.Release|Any CPU.Build.0 = Release|Any CPU
	EndGlobalSection
	GlobalSection(SolutionProperties) = preSolution
		HideSolutionNode = FALSE
	EndGlobalSection
	GlobalSection(ExtensibilityGlobals) = postSolution
		SolutionGuid = {5B70387A-D015-4197-866F-DD16600D29DD}
	EndGlobalSection
EndGlobal
